
Microsoft Visual Studio Solution File, Format Version 12.00
# Visual Studio Version 17
VisualStudioVersion = 17.5.002.0
MinimumVisualStudioVersion = 10.0.40219.1
Project("{9A19103F-16F7-4668-BE54-9A1E7A4F7556}") = "AdminPortal", "AdminPortal\AdminPortal.csproj", "{B0D30F5A-AF31-42C0-A1DC-08A3AB6EAB4F}"
EndProject
Project("{9A19103F-16F7-4668-BE54-9A1E7A4F7556}") = "API", "API\API.csproj", "{18506DDB-9BA2-483D-B68C-63BF9120F9DC}"
EndProject
Global
	GlobalSection(SolutionConfigurationPlatforms) = preSolution
		Debug|Any CPU = Debug|Any CPU
		Release|Any CPU = Release|Any CPU
	EndGlobalSection
	GlobalSection(ProjectConfigurationPlatforms) = postSolution
		{B0D30F5A-AF31-42C0-A1DC-08A3AB6EAB4F}.Debug|Any CPU.ActiveCfg = Debug|Any CPU
		{B0D30F5A-AF31-42C0-A1DC-08A3AB6EAB4F}.Debug|Any CPU.Build.0 = Debug|Any CPU
		{B0D30F5A-AF31-42C0-A1DC-08A3AB6EAB4F}.Release|Any CPU.ActiveCfg = Release|Any CPU
		{B0D30F5A-AF31-42C0-A1DC-08A3AB6EAB4F}.Release|Any CPU.Build.0 = Release|Any CPU
		{18506DDB-9BA2-483D-B68C-63BF9120F9DC}.Debug|Any CPU.ActiveCfg = Debug|Any CPU
		{18506DDB-9BA2-483D-B68C-63BF9120F9DC}.Debug|Any CPU.Build.0 = Debug|Any CPU
		{18506DDB-9BA2-483D-B68C-63BF9120F9DC}.Release|Any CPU.ActiveCfg = Release|Any CPU
		{18506DDB-9BA2-483D-B68C-63BF9120F9DC}.Release|Any CPU.Build.0 = Release|Any CPU
	EndGlobalSection
	GlobalSection(SolutionProperties) = preSolution
		HideSolutionNode = FALSE
	EndGlobalSection
	GlobalSection(ExtensibilityGlobals) = postSolution
		SolutionGuid = {74B787FD-6465-4ADE-885B-E3F8F028FEAE}
	EndGlobalSection
EndGlobal
